version = 1
revision = 3
requires-python = ">=3.13.7, <3.14"

[[package]]
name = "aws-lambda-typing"
version = "2.20.0"
source = { registry = "https://pypi.org/simple" }
sdist = { url = "https://files.pythonhosted.org/packages/ba/2a/14e7a3dba738265db6eddfd0c9ec1619c0c14e48fcf70627fc75fca83305/aws-lambda-typing-2.20.0.tar.gz", hash = "sha256:78b0d8ebab73b3a6b0da98a7969f4e9c4bb497298ec50f3217da8a8dfba17154", size = 19413, upload-time = "2024-04-02T09:43:03.326Z" }
wheels = [
    { url = "https://files.pythonhosted.org/packages/55/3d/4031f5950d65e89136d20a18b5ac985d5f087c29c902f285b6e8063619e4/aws_lambda_typing-2.20.0-py3-none-any.whl", hash = "sha256:1d44264cabfeab5ac38e67ddd0c874e677b2cbbae77a42d0519df470e6bbb49b", size = 35296, upload-time = "2024-04-02T09:43:05.881Z" },
]

[[package]]
name = "lambda"
version = "0.1.0"
source = { virtual = "." }
dependencies = [
    { name = "aws-lambda-typing" },
]

[package.metadata]
requires-dist = [{ name = "aws-lambda-typing", specifier = ">=2.20.0,<3.0" }]
