version = 1
revision = 3
requires-python = "==3.13.*"

[[package]]
name = "colorama"
version = "0.4.6"
source = { registry = "https://pypi.org/simple" }
sdist = { url = "https://files.pythonhosted.org/packages/d8/53/6f443c9a4a8358a93a6792e2acffb9d9d5cb0a5cfd8802644b7b1c9a02e4/colorama-0.4.6.tar.gz", hash = "sha256:08695f5cb7ed6e0531a20572697297273c47b8cae5a63ffc6d6ed5c201be6e44", size = 27697, upload-time = "2022-10-25T02:36:22.414Z" }
wheels = [
    { url = "https://files.pythonhosted.org/packages/d1/d6/3965ed04c63042e047cb6a3e6ed1a63a35087b6a609aa3a15ed8ac56c221/colorama-0.4.6-py2.py3-none-any.whl", hash = "sha256:4f1d9991f5acc0ca119f9d443620b77f9d6b33703e51011c16baf57afb285fc6", size = 25335, upload-time = "2022-10-25T02:36:20.889Z" },
]

[[package]]
name = "coverage"
version = "7.10.2"
source = { registry = "https://pypi.org/simple" }
sdist = { url = "https://files.pythonhosted.org/packages/ee/76/17780846fc7aade1e66712e1e27dd28faa0a5d987a1f433610974959eaa8/coverage-7.10.2.tar.gz", hash = "sha256:5d6e6d84e6dd31a8ded64759626627247d676a23c1b892e1326f7c55c8d61055", size = 820754, upload-time = "2025-08-04T00:35:17.511Z" }
wheels = [
    { url = "https://files.pythonhosted.org/packages/8d/04/9b7a741557f93c0ed791b854d27aa8d9fe0b0ce7bb7c52ca1b0f2619cb74/coverage-7.10.2-cp313-cp313-macosx_10_13_x86_64.whl", hash = "sha256:aca7b5645afa688de6d4f8e89d30c577f62956fefb1bad021490d63173874186", size = 215337, upload-time = "2025-08-04T00:33:50.61Z" },
    { url = "https://files.pythonhosted.org/packages/02/a4/8d1088cd644750c94bc305d3cf56082b4cdf7fb854a25abb23359e74892f/coverage-7.10.2-cp313-cp313-macosx_11_0_arm64.whl", hash = "sha256:96e5921342574a14303dfdb73de0019e1ac041c863743c8fe1aa6c2b4a257226", size = 215596, upload-time = "2025-08-04T00:33:52.33Z" },
    { url = "https://files.pythonhosted.org/packages/01/2f/643a8d73343f70e162d8177a3972b76e306b96239026bc0c12cfde4f7c7a/coverage-7.10.2-cp313-cp313-manylinux1_i686.manylinux_2_28_i686.manylinux_2_5_i686.whl", hash = "sha256:11333094c1bff621aa811b67ed794865cbcaa99984dedea4bd9cf780ad64ecba", size = 246145, upload-time = "2025-08-04T00:33:53.641Z" },
    { url = "https://files.pythonhosted.org/packages/1f/4a/722098d1848db4072cda71b69ede1e55730d9063bf868375264d0d302bc9/coverage-7.10.2-cp313-cp313-manylinux1_x86_64.manylinux_2_28_x86_64.manylinux_2_5_x86_64.whl", hash = "sha256:6eb586fa7d2aee8d65d5ae1dd71414020b2f447435c57ee8de8abea0a77d5074", size = 248492, upload-time = "2025-08-04T00:33:55.366Z" },
    { url = "https://files.pythonhosted.org/packages/3f/b0/8a6d7f326f6e3e6ed398cde27f9055e860a1e858317001835c521673fb60/coverage-7.10.2-cp313-cp313-manylinux2014_aarch64.manylinux_2_17_aarch64.manylinux_2_28_aarch64.whl", hash = "sha256:2d358f259d8019d4ef25d8c5b78aca4c7af25e28bd4231312911c22a0e824a57", size = 249927, upload-time = "2025-08-04T00:33:57.042Z" },
    { url = "https://files.pythonhosted.org/packages/bb/21/1aaadd3197b54d1e61794475379ecd0f68d8fc5c2ebd352964dc6f698a3d/coverage-7.10.2-cp313-cp313-musllinux_1_2_aarch64.whl", hash = "sha256:5250bda76e30382e0a2dcd68d961afcab92c3a7613606e6269855c6979a1b0bb", size = 248138, upload-time = "2025-08-04T00:33:58.329Z" },
    { url = "https://files.pythonhosted.org/packages/48/65/be75bafb2bdd22fd8bf9bf63cd5873b91bb26ec0d68f02d4b8b09c02decb/coverage-7.10.2-cp313-cp313-musllinux_1_2_i686.whl", hash = "sha256:a91e027d66eff214d88d9afbe528e21c9ef1ecdf4956c46e366c50f3094696d0", size = 246111, upload-time = "2025-08-04T00:33:59.899Z" },
    { url = "https://files.pythonhosted.org/packages/5e/30/a4f0c5e249c3cc60e6c6f30d8368e372f2d380eda40e0434c192ac27ccf5/coverage-7.10.2-cp313-cp313-musllinux_1_2_x86_64.whl", hash = "sha256:228946da741558904e2c03ce870ba5efd9cd6e48cbc004d9a27abee08100a15a", size = 247493, upload-time = "2025-08-04T00:34:01.619Z" },
    { url = "https://files.pythonhosted.org/packages/85/99/f09b9493e44a75cf99ca834394c12f8cb70da6c1711ee296534f97b52729/coverage-7.10.2-cp313-cp313-win32.whl", hash = "sha256:95e23987b52d02e7c413bf2d6dc6288bd5721beb518052109a13bfdc62c8033b", size = 217756, upload-time = "2025-08-04T00:34:03.277Z" },
    { url = "https://files.pythonhosted.org/packages/2d/bb/cbcb09103be330c7d26ff0ab05c4a8861dd2e254656fdbd3eb7600af4336/coverage-7.10.2-cp313-cp313-win_amd64.whl", hash = "sha256:f35481d42c6d146d48ec92d4e239c23f97b53a3f1fbd2302e7c64336f28641fe", size = 218526, upload-time = "2025-08-04T00:34:04.635Z" },
    { url = "https://files.pythonhosted.org/packages/37/8f/8bfb4e0bca52c00ab680767c0dd8cfd928a2a72d69897d9b2d5d8b5f63f5/coverage-7.10.2-cp313-cp313-win_arm64.whl", hash = "sha256:65b451949cb789c346f9f9002441fc934d8ccedcc9ec09daabc2139ad13853f7", size = 217176, upload-time = "2025-08-04T00:34:05.973Z" },
    { url = "https://files.pythonhosted.org/packages/1e/25/d458ba0bf16a8204a88d74dbb7ec5520f29937ffcbbc12371f931c11efd2/coverage-7.10.2-cp313-cp313t-macosx_10_13_x86_64.whl", hash = "sha256:e8415918856a3e7d57a4e0ad94651b761317de459eb74d34cc1bb51aad80f07e", size = 216058, upload-time = "2025-08-04T00:34:07.368Z" },
    { url = "https://files.pythonhosted.org/packages/0b/1c/af4dfd2d7244dc7610fed6d59d57a23ea165681cd764445dc58d71ed01a6/coverage-7.10.2-cp313-cp313t-macosx_11_0_arm64.whl", hash = "sha256:f287a25a8ca53901c613498e4a40885b19361a2fe8fbfdbb7f8ef2cad2a23f03", size = 216273, upload-time = "2025-08-04T00:34:09.073Z" },
    { url = "https://files.pythonhosted.org/packages/8e/67/ec5095d4035c6e16368226fa9cb15f77f891194c7e3725aeefd08e7a3e5a/coverage-7.10.2-cp313-cp313t-manylinux1_i686.manylinux_2_28_i686.manylinux_2_5_i686.whl", hash = "sha256:75cc1a3f8c88c69bf16a871dab1fe5a7303fdb1e9f285f204b60f1ee539b8fc0", size = 257513, upload-time = "2025-08-04T00:34:10.403Z" },
    { url = "https://files.pythonhosted.org/packages/1c/47/be5550b57a3a8ba797de4236b0fd31031f88397b2afc84ab3c2d4cf265f6/coverage-7.10.2-cp313-cp313t-manylinux1_x86_64.manylinux_2_28_x86_64.manylinux_2_5_x86_64.whl", hash = "sha256:ca07fa78cc9d26bc8c4740de1abd3489cf9c47cc06d9a8ab3d552ff5101af4c0", size = 259377, upload-time = "2025-08-04T00:34:12.138Z" },
    { url = "https://files.pythonhosted.org/packages/37/50/b12a4da1382e672305c2d17cd3029dc16b8a0470de2191dbf26b91431378/coverage-7.10.2-cp313-cp313t-manylinux2014_aarch64.manylinux_2_17_aarch64.manylinux_2_28_aarch64.whl", hash = "sha256:c2e117e64c26300032755d4520cd769f2623cde1a1d1c3515b05a3b8add0ade1", size = 261516, upload-time = "2025-08-04T00:34:13.608Z" },
    { url = "https://files.pythonhosted.org/packages/db/41/4d3296dbd33dd8da178171540ca3391af7c0184c0870fd4d4574ac290290/coverage-7.10.2-cp313-cp313t-musllinux_1_2_aarch64.whl", hash = "sha256:daaf98009977f577b71f8800208f4d40d4dcf5c2db53d4d822787cdc198d76e1", size = 259110, upload-time = "2025-08-04T00:34:15.089Z" },
    { url = "https://files.pythonhosted.org/packages/ea/f1/b409959ecbc0cec0e61e65683b22bacaa4a3b11512f834e16dd8ffbc37db/coverage-7.10.2-cp313-cp313t-musllinux_1_2_i686.whl", hash = "sha256:ea8d8fe546c528535c761ba424410bbeb36ba8a0f24be653e94b70c93fd8a8ca", size = 257248, upload-time = "2025-08-04T00:34:16.501Z" },
    { url = "https://files.pythonhosted.org/packages/48/ab/7076dc1c240412e9267d36ec93e9e299d7659f6a5c1e958f87e998b0fb6d/coverage-7.10.2-cp313-cp313t-musllinux_1_2_x86_64.whl", hash = "sha256:fe024d40ac31eb8d5aae70215b41dafa264676caa4404ae155f77d2fa95c37bb", size = 258063, upload-time = "2025-08-04T00:34:18.338Z" },
    { url = "https://files.pythonhosted.org/packages/1e/77/f6b51a0288f8f5f7dcc7c89abdd22cf514f3bc5151284f5cd628917f8e10/coverage-7.10.2-cp313-cp313t-win32.whl", hash = "sha256:8f34b09f68bdadec122ffad312154eda965ade433559cc1eadd96cca3de5c824", size = 218433, upload-time = "2025-08-04T00:34:19.71Z" },
    { url = "https://files.pythonhosted.org/packages/7b/6d/547a86493e25270ce8481543e77f3a0aa3aa872c1374246b7b76273d66eb/coverage-7.10.2-cp313-cp313t-win_amd64.whl", hash = "sha256:71d40b3ac0f26fa9ffa6ee16219a714fed5c6ec197cdcd2018904ab5e75bcfa3", size = 219523, upload-time = "2025-08-04T00:34:21.171Z" },
    { url = "https://files.pythonhosted.org/packages/ff/d5/3c711e38eaf9ab587edc9bed232c0298aed84e751a9f54aaa556ceaf7da6/coverage-7.10.2-cp313-cp313t-win_arm64.whl", hash = "sha256:abb57fdd38bf6f7dcc66b38dafb7af7c5fdc31ac6029ce373a6f7f5331d6f60f", size = 217739, upload-time = "2025-08-04T00:34:22.514Z" },
    { url = "https://files.pythonhosted.org/packages/18/d8/9b768ac73a8ac2d10c080af23937212434a958c8d2a1c84e89b450237942/coverage-7.10.2-py3-none-any.whl", hash = "sha256:95db3750dd2e6e93d99fa2498f3a1580581e49c494bddccc6f85c5c21604921f", size = 206973, upload-time = "2025-08-04T00:35:15.918Z" },
]

[[package]]
name = "iniconfig"
version = "2.1.0"
source = { registry = "https://pypi.org/simple" }
sdist = { url = "https://files.pythonhosted.org/packages/f2/97/ebf4da567aa6827c909642694d71c9fcf53e5b504f2d96afea02718862f3/iniconfig-2.1.0.tar.gz", hash = "sha256:3abbd2e30b36733fee78f9c7f7308f2d0050e88f0087fd25c2645f63c773e1c7", size = 4793, upload-time = "2025-03-19T20:09:59.721Z" }
wheels = [
    { url = "https://files.pythonhosted.org/packages/2c/e1/e6716421ea10d38022b952c159d5161ca1193197fb744506875fbb87ea7b/iniconfig-2.1.0-py3-none-any.whl", hash = "sha256:9deba5723312380e77435581c6bf4935c94cbfab9b1ed33ef8d238ea168eb760", size = 6050, upload-time = "2025-03-19T20:10:01.071Z" },
]

[[package]]
name = "lambda"
version = "0.1.0"
source = { virtual = "." }
dependencies = [
    { name = "pillow" },
]

[package.dev-dependencies]
dev = [
    { name = "pytest" },
    { name = "pytest-cov" },
    { name = "pytest-mock" },
    { name = "ruff" },
]

[package.metadata]
requires-dist = [{ name = "pillow", specifier = ">=11.3,<12.0" }]

[package.metadata.requires-dev]
dev = [
    { name = "pytest", specifier = ">=8.4,<9.0" },
    { name = "pytest-cov", specifier = ">=6.2,<7.0" },
    { name = "pytest-mock", specifier = ">=3.14,<4.0" },
    { name = "ruff", specifier = ">=0.12,<0.13" },
]

[[package]]
name = "packaging"
version = "25.0"
source = { registry = "https://pypi.org/simple" }
sdist = { url = "https://files.pythonhosted.org/packages/a1/d4/1fc4078c65507b51b96ca8f8c3ba19e6a61c8253c72794544580a7b6c24d/packaging-25.0.tar.gz", hash = "sha256:d443872c98d677bf60f6a1f2f8c1cb748e8fe762d2bf9d3148b5599295b0fc4f", size = 165727, upload-time = "2025-04-19T11:48:59.673Z" }
wheels = [
    { url = "https://files.pythonhosted.org/packages/20/12/38679034af332785aac8774540895e234f4d07f7545804097de4b666afd8/packaging-25.0-py3-none-any.whl", hash = "sha256:29572ef2b1f17581046b3a2227d5c611fb25ec70ca1ba8554b24b0e69331a484", size = 66469, upload-time = "2025-04-19T11:48:57.875Z" },
]

[[package]]
name = "pillow"
version = "11.3.0"
source = { registry = "https://pypi.org/simple" }
sdist = { url = "https://files.pythonhosted.org/packages/f3/0d/d0d6dea55cd152ce3d6767bb38a8fc10e33796ba4ba210cbab9354b6d238/pillow-11.3.0.tar.gz", hash = "sha256:3828ee7586cd0b2091b6209e5ad53e20d0649bbe87164a459d0676e035e8f523", size = 47113069, upload-time = "2025-07-01T09:16:30.666Z" }
wheels = [
    { url = "https://files.pythonhosted.org/packages/1e/93/0952f2ed8db3a5a4c7a11f91965d6184ebc8cd7cbb7941a260d5f018cd2d/pillow-11.3.0-cp313-cp313-ios_13_0_arm64_iphoneos.whl", hash = "sha256:1c627742b539bba4309df89171356fcb3cc5a9178355b2727d1b74a6cf155fbd", size = 2128328, upload-time = "2025-07-01T09:14:35.276Z" },
    { url = "https://files.pythonhosted.org/packages/4b/e8/100c3d114b1a0bf4042f27e0f87d2f25e857e838034e98ca98fe7b8c0a9c/pillow-11.3.0-cp313-cp313-ios_13_0_arm64_iphonesimulator.whl", hash = "sha256:30b7c02f3899d10f13d7a48163c8969e4e653f8b43416d23d13d1bbfdc93b9f8", size = 2170652, upload-time = "2025-07-01T09:14:37.203Z" },
    { url = "https://files.pythonhosted.org/packages/aa/86/3f758a28a6e381758545f7cdb4942e1cb79abd271bea932998fc0db93cb6/pillow-11.3.0-cp313-cp313-ios_13_0_x86_64_iphonesimulator.whl", hash = "sha256:7859a4cc7c9295f5838015d8cc0a9c215b77e43d07a25e460f35cf516df8626f", size = 2227443, upload-time = "2025-07-01T09:14:39.344Z" },
    { url = "https://files.pythonhosted.org/packages/01/f4/91d5b3ffa718df2f53b0dc109877993e511f4fd055d7e9508682e8aba092/pillow-11.3.0-cp313-cp313-macosx_10_13_x86_64.whl", hash = "sha256:ec1ee50470b0d050984394423d96325b744d55c701a439d2bd66089bff963d3c", size = 5278474, upload-time = "2025-07-01T09:14:41.843Z" },
    { url = "https://files.pythonhosted.org/packages/f9/0e/37d7d3eca6c879fbd9dba21268427dffda1ab00d4eb05b32923d4fbe3b12/pillow-11.3.0-cp313-cp313-macosx_11_0_arm64.whl", hash = "sha256:7db51d222548ccfd274e4572fdbf3e810a5e66b00608862f947b163e613b67dd", size = 4686038, upload-time = "2025-07-01T09:14:44.008Z" },
    { url = "https://files.pythonhosted.org/packages/ff/b0/3426e5c7f6565e752d81221af9d3676fdbb4f352317ceafd42899aaf5d8a/pillow-11.3.0-cp313-cp313-manylinux2014_aarch64.manylinux_2_17_aarch64.whl", hash = "sha256:2d6fcc902a24ac74495df63faad1884282239265c6839a0a6416d33faedfae7e", size = 5864407, upload-time = "2025-07-03T13:10:15.628Z" },
    { url = "https://files.pythonhosted.org/packages/fc/c1/c6c423134229f2a221ee53f838d4be9d82bab86f7e2f8e75e47b6bf6cd77/pillow-11.3.0-cp313-cp313-manylinux2014_x86_64.manylinux_2_17_x86_64.whl", hash = "sha256:f0f5d8f4a08090c6d6d578351a2b91acf519a54986c055af27e7a93feae6d3f1", size = 7639094, upload-time = "2025-07-03T13:10:21.857Z" },
    { url = "https://files.pythonhosted.org/packages/ba/c9/09e6746630fe6372c67c648ff9deae52a2bc20897d51fa293571977ceb5d/pillow-11.3.0-cp313-cp313-manylinux_2_27_aarch64.manylinux_2_28_aarch64.whl", hash = "sha256:c37d8ba9411d6003bba9e518db0db0c58a680ab9fe5179f040b0463644bc9805", size = 5973503, upload-time = "2025-07-01T09:14:45.698Z" },
    { url = "https://files.pythonhosted.org/packages/d5/1c/a2a29649c0b1983d3ef57ee87a66487fdeb45132df66ab30dd37f7dbe162/pillow-11.3.0-cp313-cp313-manylinux_2_27_x86_64.manylinux_2_28_x86_64.whl", hash = "sha256:13f87d581e71d9189ab21fe0efb5a23e9f28552d5be6979e84001d3b8505abe8", size = 6642574, upload-time = "2025-07-01T09:14:47.415Z" },
    { url = "https://files.pythonhosted.org/packages/36/de/d5cc31cc4b055b6c6fd990e3e7f0f8aaf36229a2698501bcb0cdf67c7146/pillow-11.3.0-cp313-cp313-musllinux_1_2_aarch64.whl", hash = "sha256:023f6d2d11784a465f09fd09a34b150ea4672e85fb3d05931d89f373ab14abb2", size = 6084060, upload-time = "2025-07-01T09:14:49.636Z" },
    { url = "https://files.pythonhosted.org/packages/d5/ea/502d938cbaeec836ac28a9b730193716f0114c41325db428e6b280513f09/pillow-11.3.0-cp313-cp313-musllinux_1_2_x86_64.whl", hash = "sha256:45dfc51ac5975b938e9809451c51734124e73b04d0f0ac621649821a63852e7b", size = 6721407, upload-time = "2025-07-01T09:14:51.962Z" },
    { url = "https://files.pythonhosted.org/packages/45/9c/9c5e2a73f125f6cbc59cc7087c8f2d649a7ae453f83bd0362ff7c9e2aee2/pillow-11.3.0-cp313-cp313-win32.whl", hash = "sha256:a4d336baed65d50d37b88ca5b60c0fa9d81e3a87d4a7930d3880d1624d5b31f3", size = 6273841, upload-time = "2025-07-01T09:14:54.142Z" },
    { url = "https://files.pythonhosted.org/packages/23/85/397c73524e0cd212067e0c969aa245b01d50183439550d24d9f55781b776/pillow-11.3.0-cp313-cp313-win_amd64.whl", hash = "sha256:0bce5c4fd0921f99d2e858dc4d4d64193407e1b99478bc5cacecba2311abde51", size = 6978450, upload-time = "2025-07-01T09:14:56.436Z" },
    { url = "https://files.pythonhosted.org/packages/17/d2/622f4547f69cd173955194b78e4d19ca4935a1b0f03a302d655c9f6aae65/pillow-11.3.0-cp313-cp313-win_arm64.whl", hash = "sha256:1904e1264881f682f02b7f8167935cce37bc97db457f8e7849dc3a6a52b99580", size = 2423055, upload-time = "2025-07-01T09:14:58.072Z" },
    { url = "https://files.pythonhosted.org/packages/dd/80/a8a2ac21dda2e82480852978416cfacd439a4b490a501a288ecf4fe2532d/pillow-11.3.0-cp313-cp313t-macosx_10_13_x86_64.whl", hash = "sha256:4c834a3921375c48ee6b9624061076bc0a32a60b5532b322cc0ea64e639dd50e", size = 5281110, upload-time = "2025-07-01T09:14:59.79Z" },
    { url = "https://files.pythonhosted.org/packages/44/d6/b79754ca790f315918732e18f82a8146d33bcd7f4494380457ea89eb883d/pillow-11.3.0-cp313-cp313t-macosx_11_0_arm64.whl", hash = "sha256:5e05688ccef30ea69b9317a9ead994b93975104a677a36a8ed8106be9260aa6d", size = 4689547, upload-time = "2025-07-01T09:15:01.648Z" },
    { url = "https://files.pythonhosted.org/packages/49/20/716b8717d331150cb00f7fdd78169c01e8e0c219732a78b0e59b6bdb2fd6/pillow-11.3.0-cp313-cp313t-manylinux2014_aarch64.manylinux_2_17_aarch64.whl", hash = "sha256:1019b04af07fc0163e2810167918cb5add8d74674b6267616021ab558dc98ced", size = 5901554, upload-time = "2025-07-03T13:10:27.018Z" },
    { url = "https://files.pythonhosted.org/packages/74/cf/a9f3a2514a65bb071075063a96f0a5cf949c2f2fce683c15ccc83b1c1cab/pillow-11.3.0-cp313-cp313t-manylinux2014_x86_64.manylinux_2_17_x86_64.whl", hash = "sha256:f944255db153ebb2b19c51fe85dd99ef0ce494123f21b9db4877ffdfc5590c7c", size = 7669132, upload-time = "2025-07-03T13:10:33.01Z" },
    { url = "https://files.pythonhosted.org/packages/98/3c/da78805cbdbee9cb43efe8261dd7cc0b4b93f2ac79b676c03159e9db2187/pillow-11.3.0-cp313-cp313t-manylinux_2_27_aarch64.manylinux_2_28_aarch64.whl", hash = "sha256:1f85acb69adf2aaee8b7da124efebbdb959a104db34d3a2cb0f3793dbae422a8", size = 6005001, upload-time = "2025-07-01T09:15:03.365Z" },
    { url = "https://files.pythonhosted.org/packages/6c/fa/ce044b91faecf30e635321351bba32bab5a7e034c60187fe9698191aef4f/pillow-11.3.0-cp313-cp313t-manylinux_2_27_x86_64.manylinux_2_28_x86_64.whl", hash = "sha256:05f6ecbeff5005399bb48d198f098a9b4b6bdf27b8487c7f38ca16eeb070cd59", size = 6668814, upload-time = "2025-07-01T09:15:05.655Z" },
    { url = "https://files.pythonhosted.org/packages/7b/51/90f9291406d09bf93686434f9183aba27b831c10c87746ff49f127ee80cb/pillow-11.3.0-cp313-cp313t-musllinux_1_2_aarch64.whl", hash = "sha256:a7bc6e6fd0395bc052f16b1a8670859964dbd7003bd0af2ff08342eb6e442cfe", size = 6113124, upload-time = "2025-07-01T09:15:07.358Z" },
    { url = "https://files.pythonhosted.org/packages/cd/5a/6fec59b1dfb619234f7636d4157d11fb4e196caeee220232a8d2ec48488d/pillow-11.3.0-cp313-cp313t-musllinux_1_2_x86_64.whl", hash = "sha256:83e1b0161c9d148125083a35c1c5a89db5b7054834fd4387499e06552035236c", size = 6747186, upload-time = "2025-07-01T09:15:09.317Z" },
    { url = "https://files.pythonhosted.org/packages/49/6b/00187a044f98255225f172de653941e61da37104a9ea60e4f6887717e2b5/pillow-11.3.0-cp313-cp313t-win32.whl", hash = "sha256:2a3117c06b8fb646639dce83694f2f9eac405472713fcb1ae887469c0d4f6788", size = 6277546, upload-time = "2025-07-01T09:15:11.311Z" },
    { url = "https://files.pythonhosted.org/packages/e8/5c/6caaba7e261c0d75bab23be79f1d06b5ad2a2ae49f028ccec801b0e853d6/pillow-11.3.0-cp313-cp313t-win_amd64.whl", hash = "sha256:857844335c95bea93fb39e0fa2726b4d9d758850b34075a7e3ff4f4fa3aa3b31", size = 6985102, upload-time = "2025-07-01T09:15:13.164Z" },
    { url = "https://files.pythonhosted.org/packages/f3/7e/b623008460c09a0cb38263c93b828c666493caee2eb34ff67f778b87e58c/pillow-11.3.0-cp313-cp313t-win_arm64.whl", hash = "sha256:8797edc41f3e8536ae4b10897ee2f637235c94f27404cac7297f7b607dd0716e", size = 2424803, upload-time = "2025-07-01T09:15:15.695Z" },
]

[[package]]
name = "pluggy"
version = "1.6.0"
source = { registry = "https://pypi.org/simple" }
sdist = { url = "https://files.pythonhosted.org/packages/f9/e2/3e91f31a7d2b083fe6ef3fa267035b518369d9511ffab804f839851d2779/pluggy-1.6.0.tar.gz", hash = "sha256:7dcc130b76258d33b90f61b658791dede3486c3e6bfb003ee5c9bfb396dd22f3", size = 69412, upload-time = "2025-05-15T12:30:07.975Z" }
wheels = [
    { url = "https://files.pythonhosted.org/packages/54/20/4d324d65cc6d9205fabedc306948156824eb9f0ee1633355a8f7ec5c66bf/pluggy-1.6.0-py3-none-any.whl", hash = "sha256:e920276dd6813095e9377c0bc5566d94c932c33b27a3e3945d8389c374dd4746", size = 20538, upload-time = "2025-05-15T12:30:06.134Z" },
]

[[package]]
name = "pygments"
version = "2.19.2"
source = { registry = "https://pypi.org/simple" }
sdist = { url = "https://files.pythonhosted.org/packages/b0/77/a5b8c569bf593b0140bde72ea885a803b82086995367bf2037de0159d924/pygments-2.19.2.tar.gz", hash = "sha256:636cb2477cec7f8952536970bc533bc43743542f70392ae026374600add5b887", size = 4968631, upload-time = "2025-06-21T13:39:12.283Z" }
wheels = [
    { url = "https://files.pythonhosted.org/packages/c7/21/705964c7812476f378728bdf590ca4b771ec72385c533964653c68e86bdc/pygments-2.19.2-py3-none-any.whl", hash = "sha256:86540386c03d588bb81d44bc3928634ff26449851e99741617ecb9037ee5ec0b", size = 1225217, upload-time = "2025-06-21T13:39:07.939Z" },
]

[[package]]
name = "pytest"
version = "8.4.1"
source = { registry = "https://pypi.org/simple" }
dependencies = [
    { name = "colorama", marker = "sys_platform == 'win32'" },
    { name = "iniconfig" },
    { name = "packaging" },
    { name = "pluggy" },
    { name = "pygments" },
]
sdist = { url = "https://files.pythonhosted.org/packages/08/ba/45911d754e8eba3d5a841a5ce61a65a685ff1798421ac054f85aa8747dfb/pytest-8.4.1.tar.gz", hash = "sha256:7c67fd69174877359ed9371ec3af8a3d2b04741818c51e5e99cc1742251fa93c", size = 1517714, upload-time = "2025-06-18T05:48:06.109Z" }
wheels = [
    { url = "https://files.pythonhosted.org/packages/29/16/c8a903f4c4dffe7a12843191437d7cd8e32751d5de349d45d3fe69544e87/pytest-8.4.1-py3-none-any.whl", hash = "sha256:539c70ba6fcead8e78eebbf1115e8b589e7565830d7d006a8723f19ac8a0afb7", size = 365474, upload-time = "2025-06-18T05:48:03.955Z" },
]

[[package]]
name = "pytest-cov"
version = "6.2.1"
source = { registry = "https://pypi.org/simple" }
dependencies = [
    { name = "coverage" },
    { name = "pluggy" },
    { name = "pytest" },
]
sdist = { url = "https://files.pythonhosted.org/packages/18/99/668cade231f434aaa59bbfbf49469068d2ddd945000621d3d165d2e7dd7b/pytest_cov-6.2.1.tar.gz", hash = "sha256:25cc6cc0a5358204b8108ecedc51a9b57b34cc6b8c967cc2c01a4e00d8a67da2", size = 69432, upload-time = "2025-06-12T10:47:47.684Z" }
wheels = [
    { url = "https://files.pythonhosted.org/packages/bc/16/4ea354101abb1287856baa4af2732be351c7bee728065aed451b678153fd/pytest_cov-6.2.1-py3-none-any.whl", hash = "sha256:f5bc4c23f42f1cdd23c70b1dab1bbaef4fc505ba950d53e0081d0730dd7e86d5", size = 24644, upload-time = "2025-06-12T10:47:45.932Z" },
]

[[package]]
name = "pytest-mock"
version = "3.14.1"
source = { registry = "https://pypi.org/simple" }
dependencies = [
    { name = "pytest" },
]
sdist = { url = "https://files.pythonhosted.org/packages/71/28/67172c96ba684058a4d24ffe144d64783d2a270d0af0d9e792737bddc75c/pytest_mock-3.14.1.tar.gz", hash = "sha256:159e9edac4c451ce77a5cdb9fc5d1100708d2dd4ba3c3df572f14097351af80e", size = 33241, upload-time = "2025-05-26T13:58:45.167Z" }
wheels = [
    { url = "https://files.pythonhosted.org/packages/b2/05/77b60e520511c53d1c1ca75f1930c7dd8e971d0c4379b7f4b3f9644685ba/pytest_mock-3.14.1-py3-none-any.whl", hash = "sha256:178aefcd11307d874b4cd3100344e7e2d888d9791a6a1d9bfe90fbc1b74fd1d0", size = 9923, upload-time = "2025-05-26T13:58:43.487Z" },
]

[[package]]
name = "ruff"
version = "0.12.8"
source = { registry = "https://pypi.org/simple" }
sdist = { url = "https://files.pythonhosted.org/packages/4b/da/5bd7565be729e86e1442dad2c9a364ceeff82227c2dece7c29697a9795eb/ruff-0.12.8.tar.gz", hash = "sha256:4cb3a45525176e1009b2b64126acf5f9444ea59066262791febf55e40493a033", size = 5242373, upload-time = "2025-08-07T19:05:47.268Z" }
wheels = [
    { url = "https://files.pythonhosted.org/packages/c9/1e/c843bfa8ad1114fab3eb2b78235dda76acd66384c663a4e0415ecc13aa1e/ruff-0.12.8-py3-none-linux_armv6l.whl", hash = "sha256:63cb5a5e933fc913e5823a0dfdc3c99add73f52d139d6cd5cc8639d0e0465513", size = 11675315, upload-time = "2025-08-07T19:05:06.15Z" },
    { url = "https://files.pythonhosted.org/packages/24/ee/af6e5c2a8ca3a81676d5480a1025494fd104b8896266502bb4de2a0e8388/ruff-0.12.8-py3-none-macosx_10_12_x86_64.whl", hash = "sha256:9a9bbe28f9f551accf84a24c366c1aa8774d6748438b47174f8e8565ab9dedbc", size = 12456653, upload-time = "2025-08-07T19:05:09.759Z" },
    { url = "https://files.pythonhosted.org/packages/99/9d/e91f84dfe3866fa648c10512904991ecc326fd0b66578b324ee6ecb8f725/ruff-0.12.8-py3-none-macosx_11_0_arm64.whl", hash = "sha256:2fae54e752a3150f7ee0e09bce2e133caf10ce9d971510a9b925392dc98d2fec", size = 11659690, upload-time = "2025-08-07T19:05:12.551Z" },
    { url = "https://files.pythonhosted.org/packages/fe/ac/a363d25ec53040408ebdd4efcee929d48547665858ede0505d1d8041b2e5/ruff-0.12.8-py3-none-manylinux_2_17_aarch64.manylinux2014_aarch64.whl", hash = "sha256:c0acbcf01206df963d9331b5838fb31f3b44fa979ee7fa368b9b9057d89f4a53", size = 11896923, upload-time = "2025-08-07T19:05:14.821Z" },
    { url = "https://files.pythonhosted.org/packages/58/9f/ea356cd87c395f6ade9bb81365bd909ff60860975ca1bc39f0e59de3da37/ruff-0.12.8-py3-none-manylinux_2_17_armv7l.manylinux2014_armv7l.whl", hash = "sha256:ae3e7504666ad4c62f9ac8eedb52a93f9ebdeb34742b8b71cd3cccd24912719f", size = 11477612, upload-time = "2025-08-07T19:05:16.712Z" },
    { url = "https://files.pythonhosted.org/packages/1a/46/92e8fa3c9dcfd49175225c09053916cb97bb7204f9f899c2f2baca69e450/ruff-0.12.8-py3-none-manylinux_2_17_i686.manylinux2014_i686.whl", hash = "sha256:cb82efb5d35d07497813a1c5647867390a7d83304562607f3579602fa3d7d46f", size = 13182745, upload-time = "2025-08-07T19:05:18.709Z" },
    { url = "https://files.pythonhosted.org/packages/5e/c4/f2176a310f26e6160deaf661ef60db6c3bb62b7a35e57ae28f27a09a7d63/ruff-0.12.8-py3-none-manylinux_2_17_ppc64.manylinux2014_ppc64.whl", hash = "sha256:dbea798fc0065ad0b84a2947b0aff4233f0cb30f226f00a2c5850ca4393de609", size = 14206885, upload-time = "2025-08-07T19:05:21.025Z" },
    { url = "https://files.pythonhosted.org/packages/87/9d/98e162f3eeeb6689acbedbae5050b4b3220754554526c50c292b611d3a63/ruff-0.12.8-py3-none-manylinux_2_17_ppc64le.manylinux2014_ppc64le.whl", hash = "sha256:49ebcaccc2bdad86fd51b7864e3d808aad404aab8df33d469b6e65584656263a", size = 13639381, upload-time = "2025-08-07T19:05:23.423Z" },
    { url = "https://files.pythonhosted.org/packages/81/4e/1b7478b072fcde5161b48f64774d6edd59d6d198e4ba8918d9f4702b8043/ruff-0.12.8-py3-none-manylinux_2_17_s390x.manylinux2014_s390x.whl", hash = "sha256:0ac9c570634b98c71c88cb17badd90f13fc076a472ba6ef1d113d8ed3df109fb", size = 12613271, upload-time = "2025-08-07T19:05:25.507Z" },
    { url = "https://files.pythonhosted.org/packages/e8/67/0c3c9179a3ad19791ef1b8f7138aa27d4578c78700551c60d9260b2c660d/ruff-0.12.8-py3-none-manylinux_2_17_x86_64.manylinux2014_x86_64.whl", hash = "sha256:560e0cd641e45591a3e42cb50ef61ce07162b9c233786663fdce2d8557d99818", size = 12847783, upload-time = "2025-08-07T19:05:28.14Z" },
    { url = "https://files.pythonhosted.org/packages/4e/2a/0b6ac3dd045acf8aa229b12c9c17bb35508191b71a14904baf99573a21bd/ruff-0.12.8-py3-none-musllinux_1_2_aarch64.whl", hash = "sha256:71c83121512e7743fba5a8848c261dcc454cafb3ef2934a43f1b7a4eb5a447ea", size = 11702672, upload-time = "2025-08-07T19:05:30.413Z" },
    { url = "https://files.pythonhosted.org/packages/9d/ee/f9fdc9f341b0430110de8b39a6ee5fa68c5706dc7c0aa940817947d6937e/ruff-0.12.8-py3-none-musllinux_1_2_armv7l.whl", hash = "sha256:de4429ef2ba091ecddedd300f4c3f24bca875d3d8b23340728c3cb0da81072c3", size = 11440626, upload-time = "2025-08-07T19:05:32.492Z" },
    { url = "https://files.pythonhosted.org/packages/89/fb/b3aa2d482d05f44e4d197d1de5e3863feb13067b22c571b9561085c999dc/ruff-0.12.8-py3-none-musllinux_1_2_i686.whl", hash = "sha256:a2cab5f60d5b65b50fba39a8950c8746df1627d54ba1197f970763917184b161", size = 12462162, upload-time = "2025-08-07T19:05:34.449Z" },
    { url = "https://files.pythonhosted.org/packages/18/9f/5c5d93e1d00d854d5013c96e1a92c33b703a0332707a7cdbd0a4880a84fb/ruff-0.12.8-py3-none-musllinux_1_2_x86_64.whl", hash = "sha256:45c32487e14f60b88aad6be9fd5da5093dbefb0e3e1224131cb1d441d7cb7d46", size = 12913212, upload-time = "2025-08-07T19:05:36.541Z" },
    { url = "https://files.pythonhosted.org/packages/71/13/ab9120add1c0e4604c71bfc2e4ef7d63bebece0cfe617013da289539cef8/ruff-0.12.8-py3-none-win32.whl", hash = "sha256:daf3475060a617fd5bc80638aeaf2f5937f10af3ec44464e280a9d2218e720d3", size = 11694382, upload-time = "2025-08-07T19:05:38.468Z" },
    { url = "https://files.pythonhosted.org/packages/f6/dc/a2873b7c5001c62f46266685863bee2888caf469d1edac84bf3242074be2/ruff-0.12.8-py3-none-win_amd64.whl", hash = "sha256:7209531f1a1fcfbe8e46bcd7ab30e2f43604d8ba1c49029bb420b103d0b5f76e", size = 12740482, upload-time = "2025-08-07T19:05:40.391Z" },
    { url = "https://files.pythonhosted.org/packages/cb/5c/799a1efb8b5abab56e8a9f2a0b72d12bd64bb55815e9476c7d0a2887d2f7/ruff-0.12.8-py3-none-win_arm64.whl", hash = "sha256:c90e1a334683ce41b0e7a04f41790c429bf5073b62c1ae701c9dc5b3d14f0749", size = 11884718, upload-time = "2025-08-07T19:05:42.866Z" },
]
